
Microsoft Visual Studio Solution File, Format Version 12.00
# Visual Studio 14
VisualStudioVersion = 14.0.23107.0
MinimumVisualStudioVersion = 10.0.40219.1
Project("{8BC9CEB8-8B4A-11D0-8D11-00A0C91BC942}") = "LuaTutorial1", "LuaTutorial1\LuaTutorial1.vcxproj", "{CAF26218-CBDB-422D-A05D-BB442B5CE314}"
EndProject
Project("{8BC9CEB8-8B4A-11D0-8D11-00A0C91BC942}") = "LuaTutorial2", "LuaTutorial2\LuaTutorial2.vcxproj", "{6BFE246F-13ED-472E-9E6D-377B66D58853}"
EndProject
Project("{8BC9CEB8-8B4A-11D0-8D11-00A0C91BC942}") = "LuaTutorial3", "LuaTutorial3\LuaTutorial3.vcxproj", "{2F39FCB1-398D-4A08-97B5-944F67EB5F2B}"
EndProject
Project("{8BC9CEB8-8B4A-11D0-8D11-00A0C91BC942}") = "LuaTutorial4", "LuaTutorial4\LuaTutorial4.vcxproj", "{70D2C4A6-E5E6-4B20-9386-4EA7F23DE9AE}"
EndProject
Project("{8BC9CEB8-8B4A-11D0-8D11-00A0C91BC942}") = "LuaTutorial5", "LuaTutorial5\LuaTutorial5.vcxproj", "{382ACBEF-AD65-41C1-9EFC-F9C8D5D9A3D3}"
EndProject
Project("{8BC9CEB8-8B4A-11D0-8D11-00A0C91BC942}") = "LuaTutorial6", "LuaTutorial6\LuaTutorial6.vcxproj", "{D2AE0097-C2E3-4B4C-A748-2E82B351BDC8}"
EndProject
Project("{8BC9CEB8-8B4A-11D0-8D11-00A0C91BC942}") = "LuaTutorial7", "LuaTutorial7\LuaTutorial7.vcxproj", "{5977A8C8-6655-4040-AA50-80B3776BC1AA}"
EndProject
Project("{8BC9CEB8-8B4A-11D0-8D11-00A0C91BC942}") = "LuaTutorial8", "LuaTutorial8\LuaTutorial8.vcxproj", "{28D24520-1541-4782-8152-7376231198FA}"
EndProject
Project("{8BC9CEB8-8B4A-11D0-8D11-00A0C91BC942}") = "LuaTutorial0", "LuaTutorial0\LuaTutorial0.vcxproj", "{9F23EE36-556A-402B-A959-19B417A303FE}"
EndProject
Project("{8BC9CEB8-8B4A-11D0-8D11-00A0C91BC942}") = "LuaTutorial9", "LuaTutorial9\LuaTutorial9.vcxproj", "{D33CB2BF-CA79-479A-9DEC-997AEAA40EAD}"
EndProject
Project("{5697748A-77EF-44CA-8824-4F5637E5945B}") = "bin", "..\..\bin.luaproj", "{E439935D-B2A2-46AE-856D-2AA408428F33}"
EndProject
Global
	GlobalSection(SolutionConfigurationPlatforms) = preSolution
		Debug|Any CPU = Debug|Any CPU
		Debug|x64 = Debug|x64
		Debug|x86 = Debug|x86
		Release|Any CPU = Release|Any CPU
		Release|x64 = Release|x64
		Release|x86 = Release|x86
	EndGlobalSection
	GlobalSection(ProjectConfigurationPlatforms) = postSolution
		{CAF26218-CBDB-422D-A05D-BB442B5CE314}.Debug|Any CPU.ActiveCfg = Debug|Win32
		{CAF26218-CBDB-422D-A05D-BB442B5CE314}.Debug|x64.ActiveCfg = Debug|x64
		{CAF26218-CBDB-422D-A05D-BB442B5CE314}.Debug|x64.Build.0 = Debug|x64
		{CAF26218-CBDB-422D-A05D-BB442B5CE314}.Debug|x86.ActiveCfg = Debug|Win32
		{CAF26218-CBDB-422D-A05D-BB442B5CE314}.Debug|x86.Build.0 = Debug|Win32
		{CAF26218-CBDB-422D-A05D-BB442B5CE314}.Release|Any CPU.ActiveCfg = Release|Win32
		{CAF26218-CBDB-422D-A05D-BB442B5CE314}.Release|x64.ActiveCfg = Release|x64
		{CAF26218-CBDB-422D-A05D-BB442B5CE314}.Release|x64.Build.0 = Release|x64
		{CAF26218-CBDB-422D-A05D-BB442B5CE314}.Release|x86.ActiveCfg = Release|Win32
		{CAF26218-CBDB-422D-A05D-BB442B5CE314}.Release|x86.Build.0 = Release|Win32
		{6BFE246F-13ED-472E-9E6D-377B66D58853}.Debug|Any CPU.ActiveCfg = Debug|Win32
		{6BFE246F-13ED-472E-9E6D-377B66D58853}.Debug|x64.ActiveCfg = Debug|x64
		{6BFE246F-13ED-472E-9E6D-377B66D58853}.Debug|x64.Build.0 = Debug|x64
		{6BFE246F-13ED-472E-9E6D-377B66D58853}.Debug|x86.ActiveCfg = Debug|Win32
		{6BFE246F-13ED-472E-9E6D-377B66D58853}.Debug|x86.Build.0 = Debug|Win32
		{6BFE246F-13ED-472E-9E6D-377B66D58853}.Release|Any CPU.ActiveCfg = Release|Win32
		{6BFE246F-13ED-472E-9E6D-377B66D58853}.Release|x64.ActiveCfg = Release|x64
		{6BFE246F-13ED-472E-9E6D-377B66D58853}.Release|x64.Build.0 = Release|x64
		{6BFE246F-13ED-472E-9E6D-377B66D58853}.Release|x86.ActiveCfg = Release|Win32
		{6BFE246F-13ED-472E-9E6D-377B66D58853}.Release|x86.Build.0 = Release|Win32
		{2F39FCB1-398D-4A08-97B5-944F67EB5F2B}.Debug|Any CPU.ActiveCfg = Debug|Win32
		{2F39FCB1-398D-4A08-97B5-944F67EB5F2B}.Debug|x64.ActiveCfg = Debug|x64
		{2F39FCB1-398D-4A08-97B5-944F67EB5F2B}.Debug|x64.Build.0 = Debug|x64
		{2F39FCB1-398D-4A08-97B5-944F67EB5F2B}.Debug|x86.ActiveCfg = Debug|Win32
		{2F39FCB1-398D-4A08-97B5-944F67EB5F2B}.Debug|x86.Build.0 = Debug|Win32
		{2F39FCB1-398D-4A08-97B5-944F67EB5F2B}.Release|Any CPU.ActiveCfg = Release|Win32
		{2F39FCB1-398D-4A08-97B5-944F67EB5F2B}.Release|x64.ActiveCfg = Release|x64
		{2F39FCB1-398D-4A08-97B5-944F67EB5F2B}.Release|x64.Build.0 = Release|x64
		{2F39FCB1-398D-4A08-97B5-944F67EB5F2B}.Release|x86.ActiveCfg = Release|Win32
		{2F39FCB1-398D-4A08-97B5-944F67EB5F2B}.Release|x86.Build.0 = Release|Win32
		{70D2C4A6-E5E6-4B20-9386-4EA7F23DE9AE}.Debug|Any CPU.ActiveCfg = Debug|Win32
		{70D2C4A6-E5E6-4B20-9386-4EA7F23DE9AE}.Debug|x64.ActiveCfg = Debug|x64
		{70D2C4A6-E5E6-4B20-9386-4EA7F23DE9AE}.Debug|x64.Build.0 = Debug|x64
		{70D2C4A6-E5E6-4B20-9386-4EA7F23DE9AE}.Debug|x86.ActiveCfg = Debug|Win32
		{70D2C4A6-E5E6-4B20-9386-4EA7F23DE9AE}.Debug|x86.Build.0 = Debug|Win32
		{70D2C4A6-E5E6-4B20-9386-4EA7F23DE9AE}.Release|Any CPU.ActiveCfg = Release|Win32
		{70D2C4A6-E5E6-4B20-9386-4EA7F23DE9AE}.Release|x64.ActiveCfg = Release|x64
		{70D2C4A6-E5E6-4B20-9386-4EA7F23DE9AE}.Release|x64.Build.0 = Release|x64
		{70D2C4A6-E5E6-4B20-9386-4EA7F23DE9AE}.Release|x86.ActiveCfg = Release|Win32
		{70D2C4A6-E5E6-4B20-9386-4EA7F23DE9AE}.Release|x86.Build.0 = Release|Win32
		{382ACBEF-AD65-41C1-9EFC-F9C8D5D9A3D3}.Debug|Any CPU.ActiveCfg = Debug|Win32
		{382ACBEF-AD65-41C1-9EFC-F9C8D5D9A3D3}.Debug|x64.ActiveCfg = Debug|x64
		{382ACBEF-AD65-41C1-9EFC-F9C8D5D9A3D3}.Debug|x64.Build.0 = Debug|x64
		{382ACBEF-AD65-41C1-9EFC-F9C8D5D9A3D3}.Debug|x86.ActiveCfg = Debug|Win32
		{382ACBEF-AD65-41C1-9EFC-F9C8D5D9A3D3}.Debug|x86.Build.0 = Debug|Win32
		{382ACBEF-AD65-41C1-9EFC-F9C8D5D9A3D3}.Release|Any CPU.ActiveCfg = Release|Win32
		{382ACBEF-AD65-41C1-9EFC-F9C8D5D9A3D3}.Release|x64.ActiveCfg = Release|x64
		{382ACBEF-AD65-41C1-9EFC-F9C8D5D9A3D3}.Release|x64.Build.0 = Release|x64
		{382ACBEF-AD65-41C1-9EFC-F9C8D5D9A3D3}.Release|x86.ActiveCfg = Release|Win32
		{382ACBEF-AD65-41C1-9EFC-F9C8D5D9A3D3}.Release|x86.Build.0 = Release|Win32
		{D2AE0097-C2E3-4B4C-A748-2E82B351BDC8}.Debug|Any CPU.ActiveCfg = Debug|Win32
		{D2AE0097-C2E3-4B4C-A748-2E82B351BDC8}.Debug|x64.ActiveCfg = Debug|x64
		{D2AE0097-C2E3-4B4C-A748-2E82B351BDC8}.Debug|x64.Build.0 = Debug|x64
		{D2AE0097-C2E3-4B4C-A748-2E82B351BDC8}.Debug|x86.ActiveCfg = Debug|Win32
		{D2AE0097-C2E3-4B4C-A748-2E82B351BDC8}.Debug|x86.Build.0 = Debug|Win32
		{D2AE0097-C2E3-4B4C-A748-2E82B351BDC8}.Release|Any CPU.ActiveCfg = Release|Win32
		{D2AE0097-C2E3-4B4C-A748-2E82B351BDC8}.Release|x64.ActiveCfg = Release|x64
		{D2AE0097-C2E3-4B4C-A748-2E82B351BDC8}.Release|x64.Build.0 = Release|x64
		{D2AE0097-C2E3-4B4C-A748-2E82B351BDC8}.Release|x86.ActiveCfg = Release|Win32
		{D2AE0097-C2E3-4B4C-A748-2E82B351BDC8}.Release|x86.Build.0 = Release|Win32
		{5977A8C8-6655-4040-AA50-80B3776BC1AA}.Debug|Any CPU.ActiveCfg = Debug|Win32
		{5977A8C8-6655-4040-AA50-80B3776BC1AA}.Debug|x64.ActiveCfg = Debug|x64
		{5977A8C8-6655-4040-AA50-80B3776BC1AA}.Debug|x64.Build.0 = Debug|x64
		{5977A8C8-6655-4040-AA50-80B3776BC1AA}.Debug|x86.ActiveCfg = Debug|Win32
		{5977A8C8-6655-4040-AA50-80B3776BC1AA}.Debug|x86.Build.0 = Debug|Win32
		{5977A8C8-6655-4040-AA50-80B3776BC1AA}.Release|Any CPU.ActiveCfg = Release|Win32
		{5977A8C8-6655-4040-AA50-80B3776BC1AA}.Release|x64.ActiveCfg = Release|x64
		{5977A8C8-6655-4040-AA50-80B3776BC1AA}.Release|x64.Build.0 = Release|x64
		{5977A8C8-6655-4040-AA50-80B3776BC1AA}.Release|x86.ActiveCfg = Release|Win32
		{5977A8C8-6655-4040-AA50-80B3776BC1AA}.Release|x86.Build.0 = Release|Win32
		{28D24520-1541-4782-8152-7376231198FA}.Debug|Any CPU.ActiveCfg = Debug|Win32
		{28D24520-1541-4782-8152-7376231198FA}.Debug|x64.ActiveCfg = Debug|x64
		{28D24520-1541-4782-8152-7376231198FA}.Debug|x64.Build.0 = Debug|x64
		{28D24520-1541-4782-8152-7376231198FA}.Debug|x86.ActiveCfg = Debug|Win32
		{28D24520-1541-4782-8152-7376231198FA}.Debug|x86.Build.0 = Debug|Win32
		{28D24520-1541-4782-8152-7376231198FA}.Release|Any CPU.ActiveCfg = Release|Win32
		{28D24520-1541-4782-8152-7376231198FA}.Release|x64.ActiveCfg = Release|x64
		{28D24520-1541-4782-8152-7376231198FA}.Release|x64.Build.0 = Release|x64
		{28D24520-1541-4782-8152-7376231198FA}.Release|x86.ActiveCfg = Release|Win32
		{28D24520-1541-4782-8152-7376231198FA}.Release|x86.Build.0 = Release|Win32
		{9F23EE36-556A-402B-A959-19B417A303FE}.Debug|Any CPU.ActiveCfg = Debug|Win32
		{9F23EE36-556A-402B-A959-19B417A303FE}.Debug|x64.ActiveCfg = Debug|x64
		{9F23EE36-556A-402B-A959-19B417A303FE}.Debug|x64.Build.0 = Debug|x64
		{9F23EE36-556A-402B-A959-19B417A303FE}.Debug|x86.ActiveCfg = Debug|Win32
		{9F23EE36-556A-402B-A959-19B417A303FE}.Debug|x86.Build.0 = Debug|Win32
		{9F23EE36-556A-402B-A959-19B417A303FE}.Release|Any CPU.ActiveCfg = Release|Win32
		{9F23EE36-556A-402B-A959-19B417A303FE}.Release|x64.ActiveCfg = Release|x64
		{9F23EE36-556A-402B-A959-19B417A303FE}.Release|x64.Build.0 = Release|x64
		{9F23EE36-556A-402B-A959-19B417A303FE}.Release|x86.ActiveCfg = Release|Win32
		{9F23EE36-556A-402B-A959-19B417A303FE}.Release|x86.Build.0 = Release|Win32
		{D33CB2BF-CA79-479A-9DEC-997AEAA40EAD}.Debug|Any CPU.ActiveCfg = Debug|Win32
		{D33CB2BF-CA79-479A-9DEC-997AEAA40EAD}.Debug|x64.ActiveCfg = Debug|x64
		{D33CB2BF-CA79-479A-9DEC-997AEAA40EAD}.Debug|x64.Build.0 = Debug|x64
		{D33CB2BF-CA79-479A-9DEC-997AEAA40EAD}.Debug|x86.ActiveCfg = Debug|Win32
		{D33CB2BF-CA79-479A-9DEC-997AEAA40EAD}.Debug|x86.Build.0 = Debug|Win32
		{D33CB2BF-CA79-479A-9DEC-997AEAA40EAD}.Release|Any CPU.ActiveCfg = Release|Win32
		{D33CB2BF-CA79-479A-9DEC-997AEAA40EAD}.Release|x64.ActiveCfg = Release|x64
		{D33CB2BF-CA79-479A-9DEC-997AEAA40EAD}.Release|x64.Build.0 = Release|x64
		{D33CB2BF-CA79-479A-9DEC-997AEAA40EAD}.Release|x86.ActiveCfg = Release|Win32
		{D33CB2BF-CA79-479A-9DEC-997AEAA40EAD}.Release|x86.Build.0 = Release|Win32
		{E439935D-B2A2-46AE-856D-2AA408428F33}.Debug|Any CPU.ActiveCfg = Debug|Any CPU
		{E439935D-B2A2-46AE-856D-2AA408428F33}.Debug|Any CPU.Build.0 = Debug|Any CPU
		{E439935D-B2A2-46AE-856D-2AA408428F33}.Debug|x64.ActiveCfg = Debug|Any CPU
		{E439935D-B2A2-46AE-856D-2AA408428F33}.Debug|x64.Build.0 = Debug|Any CPU
		{E439935D-B2A2-46AE-856D-2AA408428F33}.Debug|x86.ActiveCfg = Debug|Any CPU
		{E439935D-B2A2-46AE-856D-2AA408428F33}.Debug|x86.Build.0 = Debug|Any CPU
		{E439935D-B2A2-46AE-856D-2AA408428F33}.Release|Any CPU.ActiveCfg = Release|Any CPU
		{E439935D-B2A2-46AE-856D-2AA408428F33}.Release|Any CPU.Build.0 = Release|Any CPU
		{E439935D-B2A2-46AE-856D-2AA408428F33}.Release|x64.ActiveCfg = Release|Any CPU
		{E439935D-B2A2-46AE-856D-2AA408428F33}.Release|x64.Build.0 = Release|Any CPU
		{E439935D-B2A2-46AE-856D-2AA408428F33}.Release|x86.ActiveCfg = Release|Any CPU
		{E439935D-B2A2-46AE-856D-2AA408428F33}.Release|x86.Build.0 = Release|Any CPU
	EndGlobalSection
	GlobalSection(SolutionProperties) = preSolution
		HideSolutionNode = FALSE
	EndGlobalSection
EndGlobal
