
Microsoft Visual Studio Solution File, Format Version 12.00
# Visual Studio 14
VisualStudioVersion = 14.0.23107.0
MinimumVisualStudioVersion = 10.0.40219.1
Project("{8BC9CEB8-8B4A-11D0-8D11-00A0C91BC942}") = "PythonTutorial1", "PythonTutorial1\PythonTutorial1.vcxproj", "{133E469F-59B7-4566-8237-4CA13AAC57DB}"
EndProject
Project("{8BC9CEB8-8B4A-11D0-8D11-00A0C91BC942}") = "PythonTutorial2", "PythonTutorial2\PythonTutorial2.vcxproj", "{EBB5612E-F2E4-4165-81A7-5BB2D2F312C6}"
EndProject
Project("{8BC9CEB8-8B4A-11D0-8D11-00A0C91BC942}") = "PythonTutorial3", "PythonTutorial3\PythonTutorial3.vcxproj", "{EFD34A0E-4A66-4D17-A2E9-9E2353F16F0D}"
EndProject
Project("{8BC9CEB8-8B4A-11D0-8D11-00A0C91BC942}") = "PythonTutorial4", "PythonTutorial4\PythonTutorial4.vcxproj", "{0FE2E035-05F0-4F28-9FFF-AE63AC0B2A28}"
EndProject
Project("{8BC9CEB8-8B4A-11D0-8D11-00A0C91BC942}") = "PythonTutorial5", "PythonTutorial5\PythonTutorial5.vcxproj", "{71685444-65A7-4822-85AC-73B253CB919E}"
EndProject
Project("{8BC9CEB8-8B4A-11D0-8D11-00A0C91BC942}") = "PythonTutorial6", "PythonTutorial6\PythonTutorial6.vcxproj", "{518A35C3-B074-4927-A413-78F3C766CE1D}"
EndProject
Project("{8BC9CEB8-8B4A-11D0-8D11-00A0C91BC942}") = "PythonTutorial7", "PythonTutorial7\PythonTutorial7.vcxproj", "{3505C4A0-129D-4B2D-9F36-563EA45D0232}"
EndProject
Project("{8BC9CEB8-8B4A-11D0-8D11-00A0C91BC942}") = "PythonTutorial8", "PythonTutorial8\PythonTutorial8.vcxproj", "{662AE5B9-3177-407E-BC02-6505D4A476D9}"
EndProject
Project("{8BC9CEB8-8B4A-11D0-8D11-00A0C91BC942}") = "PythonTutorial0", "PythonTutorial0\PythonTutorial0.vcxproj", "{5BEEEC10-B636-4FE0-BDFA-A82193B9596A}"
EndProject
Project("{8BC9CEB8-8B4A-11D0-8D11-00A0C91BC942}") = "PythonTutorial9", "PythonTutorial9\PythonTutorial9.vcxproj", "{B4011DCA-66A2-4B32-BCAC-4019912811D8}"
EndProject
Global
	GlobalSection(SolutionConfigurationPlatforms) = preSolution
		Debug|x64 = Debug|x64
		Debug|x86 = Debug|x86
		Release|x64 = Release|x64
		Release|x86 = Release|x86
	EndGlobalSection
	GlobalSection(ProjectConfigurationPlatforms) = postSolution
		{133E469F-59B7-4566-8237-4CA13AAC57DB}.Debug|x64.ActiveCfg = Debug|x64
		{133E469F-59B7-4566-8237-4CA13AAC57DB}.Debug|x64.Build.0 = Debug|x64
		{133E469F-59B7-4566-8237-4CA13AAC57DB}.Debug|x86.ActiveCfg = Debug|Win32
		{133E469F-59B7-4566-8237-4CA13AAC57DB}.Debug|x86.Build.0 = Debug|Win32
		{133E469F-59B7-4566-8237-4CA13AAC57DB}.Release|x64.ActiveCfg = Release|x64
		{133E469F-59B7-4566-8237-4CA13AAC57DB}.Release|x64.Build.0 = Release|x64
		{133E469F-59B7-4566-8237-4CA13AAC57DB}.Release|x86.ActiveCfg = Release|Win32
		{133E469F-59B7-4566-8237-4CA13AAC57DB}.Release|x86.Build.0 = Release|Win32
		{EBB5612E-F2E4-4165-81A7-5BB2D2F312C6}.Debug|x64.ActiveCfg = Debug|x64
		{EBB5612E-F2E4-4165-81A7-5BB2D2F312C6}.Debug|x64.Build.0 = Debug|x64
		{EBB5612E-F2E4-4165-81A7-5BB2D2F312C6}.Debug|x86.ActiveCfg = Debug|Win32
		{EBB5612E-F2E4-4165-81A7-5BB2D2F312C6}.Debug|x86.Build.0 = Debug|Win32
		{EBB5612E-F2E4-4165-81A7-5BB2D2F312C6}.Release|x64.ActiveCfg = Release|x64
		{EBB5612E-F2E4-4165-81A7-5BB2D2F312C6}.Release|x64.Build.0 = Release|x64
		{EBB5612E-F2E4-4165-81A7-5BB2D2F312C6}.Release|x86.ActiveCfg = Release|Win32
		{EBB5612E-F2E4-4165-81A7-5BB2D2F312C6}.Release|x86.Build.0 = Release|Win32
		{EFD34A0E-4A66-4D17-A2E9-9E2353F16F0D}.Debug|x64.ActiveCfg = Debug|x64
		{EFD34A0E-4A66-4D17-A2E9-9E2353F16F0D}.Debug|x64.Build.0 = Debug|x64
		{EFD34A0E-4A66-4D17-A2E9-9E2353F16F0D}.Debug|x86.ActiveCfg = Debug|Win32
		{EFD34A0E-4A66-4D17-A2E9-9E2353F16F0D}.Debug|x86.Build.0 = Debug|Win32
		{EFD34A0E-4A66-4D17-A2E9-9E2353F16F0D}.Release|x64.ActiveCfg = Release|x64
		{EFD34A0E-4A66-4D17-A2E9-9E2353F16F0D}.Release|x64.Build.0 = Release|x64
		{EFD34A0E-4A66-4D17-A2E9-9E2353F16F0D}.Release|x86.ActiveCfg = Release|Win32
		{EFD34A0E-4A66-4D17-A2E9-9E2353F16F0D}.Release|x86.Build.0 = Release|Win32
		{0FE2E035-05F0-4F28-9FFF-AE63AC0B2A28}.Debug|x64.ActiveCfg = Debug|x64
		{0FE2E035-05F0-4F28-9FFF-AE63AC0B2A28}.Debug|x64.Build.0 = Debug|x64
		{0FE2E035-05F0-4F28-9FFF-AE63AC0B2A28}.Debug|x86.ActiveCfg = Debug|Win32
		{0FE2E035-05F0-4F28-9FFF-AE63AC0B2A28}.Debug|x86.Build.0 = Debug|Win32
		{0FE2E035-05F0-4F28-9FFF-AE63AC0B2A28}.Release|x64.ActiveCfg = Release|x64
		{0FE2E035-05F0-4F28-9FFF-AE63AC0B2A28}.Release|x64.Build.0 = Release|x64
		{0FE2E035-05F0-4F28-9FFF-AE63AC0B2A28}.Release|x86.ActiveCfg = Release|Win32
		{0FE2E035-05F0-4F28-9FFF-AE63AC0B2A28}.Release|x86.Build.0 = Release|Win32
		{71685444-65A7-4822-85AC-73B253CB919E}.Debug|x64.ActiveCfg = Debug|x64
		{71685444-65A7-4822-85AC-73B253CB919E}.Debug|x64.Build.0 = Debug|x64
		{71685444-65A7-4822-85AC-73B253CB919E}.Debug|x86.ActiveCfg = Debug|Win32
		{71685444-65A7-4822-85AC-73B253CB919E}.Debug|x86.Build.0 = Debug|Win32
		{71685444-65A7-4822-85AC-73B253CB919E}.Release|x64.ActiveCfg = Release|x64
		{71685444-65A7-4822-85AC-73B253CB919E}.Release|x64.Build.0 = Release|x64
		{71685444-65A7-4822-85AC-73B253CB919E}.Release|x86.ActiveCfg = Release|Win32
		{71685444-65A7-4822-85AC-73B253CB919E}.Release|x86.Build.0 = Release|Win32
		{518A35C3-B074-4927-A413-78F3C766CE1D}.Debug|x64.ActiveCfg = Debug|x64
		{518A35C3-B074-4927-A413-78F3C766CE1D}.Debug|x64.Build.0 = Debug|x64
		{518A35C3-B074-4927-A413-78F3C766CE1D}.Debug|x86.ActiveCfg = Debug|Win32
		{518A35C3-B074-4927-A413-78F3C766CE1D}.Debug|x86.Build.0 = Debug|Win32
		{518A35C3-B074-4927-A413-78F3C766CE1D}.Release|x64.ActiveCfg = Release|x64
		{518A35C3-B074-4927-A413-78F3C766CE1D}.Release|x64.Build.0 = Release|x64
		{518A35C3-B074-4927-A413-78F3C766CE1D}.Release|x86.ActiveCfg = Release|Win32
		{518A35C3-B074-4927-A413-78F3C766CE1D}.Release|x86.Build.0 = Release|Win32
		{3505C4A0-129D-4B2D-9F36-563EA45D0232}.Debug|x64.ActiveCfg = Debug|x64
		{3505C4A0-129D-4B2D-9F36-563EA45D0232}.Debug|x64.Build.0 = Debug|x64
		{3505C4A0-129D-4B2D-9F36-563EA45D0232}.Debug|x86.ActiveCfg = Debug|Win32
		{3505C4A0-129D-4B2D-9F36-563EA45D0232}.Debug|x86.Build.0 = Debug|Win32
		{3505C4A0-129D-4B2D-9F36-563EA45D0232}.Release|x64.ActiveCfg = Release|x64
		{3505C4A0-129D-4B2D-9F36-563EA45D0232}.Release|x64.Build.0 = Release|x64
		{3505C4A0-129D-4B2D-9F36-563EA45D0232}.Release|x86.ActiveCfg = Release|Win32
		{3505C4A0-129D-4B2D-9F36-563EA45D0232}.Release|x86.Build.0 = Release|Win32
		{662AE5B9-3177-407E-BC02-6505D4A476D9}.Debug|x64.ActiveCfg = Debug|x64
		{662AE5B9-3177-407E-BC02-6505D4A476D9}.Debug|x64.Build.0 = Debug|x64
		{662AE5B9-3177-407E-BC02-6505D4A476D9}.Debug|x86.ActiveCfg = Debug|Win32
		{662AE5B9-3177-407E-BC02-6505D4A476D9}.Debug|x86.Build.0 = Debug|Win32
		{662AE5B9-3177-407E-BC02-6505D4A476D9}.Release|x64.ActiveCfg = Release|x64
		{662AE5B9-3177-407E-BC02-6505D4A476D9}.Release|x64.Build.0 = Release|x64
		{662AE5B9-3177-407E-BC02-6505D4A476D9}.Release|x86.ActiveCfg = Release|Win32
		{662AE5B9-3177-407E-BC02-6505D4A476D9}.Release|x86.Build.0 = Release|Win32
		{5BEEEC10-B636-4FE0-BDFA-A82193B9596A}.Debug|x64.ActiveCfg = Debug|x64
		{5BEEEC10-B636-4FE0-BDFA-A82193B9596A}.Debug|x64.Build.0 = Debug|x64
		{5BEEEC10-B636-4FE0-BDFA-A82193B9596A}.Debug|x86.ActiveCfg = Debug|Win32
		{5BEEEC10-B636-4FE0-BDFA-A82193B9596A}.Debug|x86.Build.0 = Debug|Win32
		{5BEEEC10-B636-4FE0-BDFA-A82193B9596A}.Release|x64.ActiveCfg = Release|x64
		{5BEEEC10-B636-4FE0-BDFA-A82193B9596A}.Release|x64.Build.0 = Release|x64
		{5BEEEC10-B636-4FE0-BDFA-A82193B9596A}.Release|x86.ActiveCfg = Release|Win32
		{5BEEEC10-B636-4FE0-BDFA-A82193B9596A}.Release|x86.Build.0 = Release|Win32
		{B4011DCA-66A2-4B32-BCAC-4019912811D8}.Debug|x64.ActiveCfg = Debug|x64
		{B4011DCA-66A2-4B32-BCAC-4019912811D8}.Debug|x64.Build.0 = Debug|x64
		{B4011DCA-66A2-4B32-BCAC-4019912811D8}.Debug|x86.ActiveCfg = Debug|Win32
		{B4011DCA-66A2-4B32-BCAC-4019912811D8}.Debug|x86.Build.0 = Debug|Win32
		{B4011DCA-66A2-4B32-BCAC-4019912811D8}.Release|x64.ActiveCfg = Release|x64
		{B4011DCA-66A2-4B32-BCAC-4019912811D8}.Release|x64.Build.0 = Release|x64
		{B4011DCA-66A2-4B32-BCAC-4019912811D8}.Release|x86.ActiveCfg = Release|Win32
		{B4011DCA-66A2-4B32-BCAC-4019912811D8}.Release|x86.Build.0 = Release|Win32
	EndGlobalSection
	GlobalSection(SolutionProperties) = preSolution
		HideSolutionNode = FALSE
	EndGlobalSection
EndGlobal
